
Microsoft Visual Studio Solution File, Format Version 12.00
# Visual Studio Version 16
VisualStudioVersion = 16.0.32602.291
MinimumVisualStudioVersion = 10.0.40219.1
Project("{FAE04EC0-301F-11D3-BF4B-00C04F79EFBC}") = "KulturMerkezi", "KulturMerkezi\KulturMerkezi.csproj", "{5F127D5B-A86C-4757-B342-D4068091076B}"
EndProject
Global
	GlobalSection(SolutionConfigurationPlatforms) = preSolution
		Debug|Any CPU = Debug|Any CPU
		Release|Any CPU = Release|Any CPU
	EndGlobalSection
	GlobalSection(ProjectConfigurationPlatforms) = postSolution
		{5F127D5B-A86C-4757-B342-D4068091076B}.Debug|Any CPU.ActiveCfg = Debug|Any CPU
		{5F127D5B-A86C-4757-B342-D4068091076B}.Debug|Any CPU.Build.0 = Debug|Any CPU
		{5F127D5B-A86C-4757-B342-D4068091076B}.Release|Any CPU.ActiveCfg = Release|Any CPU
		{5F127D5B-A86C-4757-B342-D4068091076B}.Release|Any CPU.Build.0 = Release|Any CPU
	EndGlobalSection
	GlobalSection(SolutionProperties) = preSolution
		HideSolutionNode = FALSE
	EndGlobalSection
	GlobalSection(ExtensibilityGlobals) = postSolution
		SolutionGuid = {561EF412-529F-4885-B1E3-EBF6C2022C73}
	EndGlobalSection
EndGlobal
